
Microsoft Visual Studio Solution File, Format Version 12.00
# Visual Studio Version 16
VisualStudioVersion = 16.0.32802.440
MinimumVisualStudioVersion = 10.0.40219.1
Project("{FAE04EC0-301F-11D3-BF4B-00C04F79EFBC}") = "BlogWeb", "BlogWeb\BlogWeb.csproj", "{34903D7D-9313-4239-9FC0-F29C3231ADC3}"
EndProject
Global
	GlobalSection(SolutionConfigurationPlatforms) = preSolution
		Debug|Any CPU = Debug|Any CPU
		Release|Any CPU = Release|Any CPU
	EndGlobalSection
	GlobalSection(ProjectConfigurationPlatforms) = postSolution
		{34903D7D-9313-4239-9FC0-F29C3231ADC3}.Debug|Any CPU.ActiveCfg = Debug|Any CPU
		{34903D7D-9313-4239-9FC0-F29C3231ADC3}.Debug|Any CPU.Build.0 = Debug|Any CPU
		{34903D7D-9313-4239-9FC0-F29C3231ADC3}.Release|Any CPU.ActiveCfg = Release|Any CPU
		{34903D7D-9313-4239-9FC0-F29C3231ADC3}.Release|Any CPU.Build.0 = Release|Any CPU
	EndGlobalSection
	GlobalSection(SolutionProperties) = preSolution
		HideSolutionNode = FALSE
	EndGlobalSection
	GlobalSection(ExtensibilityGlobals) = postSolution
		SolutionGuid = {456E3F61-A7B8-43EE-A880-9EB30D03033E}
	EndGlobalSection
EndGlobal
